
Microsoft Visual Studio Solution File, Format Version 12.00
# Visual Studio Version 17
VisualStudioVersion = 17.7.34221.43
MinimumVisualStudioVersion = 10.0.40219.1
Project("{FAE04EC0-301F-11D3-BF4B-00C04F79EFBC}") = "BrawlSticksMelee", "BrawlSticksMelee\BrawlSticksMelee.csproj", "{3F6174A6-16EB-4318-8B69-CDB37745402B}"
EndProject
Global
	GlobalSection(SolutionConfigurationPlatforms) = preSolution
		Debug|Any CPU = Debug|Any CPU
		Release|Any CPU = Release|Any CPU
	EndGlobalSection
	GlobalSection(ProjectConfigurationPlatforms) = postSolution
		{3F6174A6-16EB-4318-8B69-CDB37745402B}.Debug|Any CPU.ActiveCfg = Debug|Any CPU
		{3F6174A6-16EB-4318-8B69-CDB37745402B}.Debug|Any CPU.Build.0 = Debug|Any CPU
		{3F6174A6-16EB-4318-8B69-CDB37745402B}.Release|Any CPU.ActiveCfg = Release|Any CPU
		{3F6174A6-16EB-4318-8B69-CDB37745402B}.Release|Any CPU.Build.0 = Release|Any CPU
	EndGlobalSection
	GlobalSection(SolutionProperties) = preSolution
		HideSolutionNode = FALSE
	EndGlobalSection
	GlobalSection(ExtensibilityGlobals) = postSolution
		SolutionGuid = {951F350C-6A7D-4665-9F46-A6FCFED634DD}
	EndGlobalSection
EndGlobal
